
Microsoft Visual Studio Solution File, Format Version 12.00
# Visual Studio Version 17
VisualStudioVersion = 17.0.32126.317
MinimumVisualStudioVersion = 10.0.40219.1
Project("{FAE04EC0-301F-11D3-BF4B-00C04F79EFBC}") = "Bank2.3and2.4", "Bank2.3\Bank2.3and2.4.csproj", "{6B6E8E54-AFBF-4204-BFE7-4B7F2E7BFB4B}"
EndProject
Global
	GlobalSection(SolutionConfigurationPlatforms) = preSolution
		Debug|Any CPU = Debug|Any CPU
		Release|Any CPU = Release|Any CPU
	EndGlobalSection
	GlobalSection(ProjectConfigurationPlatforms) = postSolution
		{6B6E8E54-AFBF-4204-BFE7-4B7F2E7BFB4B}.Debug|Any CPU.ActiveCfg = Debug|Any CPU
		{6B6E8E54-AFBF-4204-BFE7-4B7F2E7BFB4B}.Debug|Any CPU.Build.0 = Debug|Any CPU
		{6B6E8E54-AFBF-4204-BFE7-4B7F2E7BFB4B}.Release|Any CPU.ActiveCfg = Release|Any CPU
		{6B6E8E54-AFBF-4204-BFE7-4B7F2E7BFB4B}.Release|Any CPU.Build.0 = Release|Any CPU
	EndGlobalSection
	GlobalSection(SolutionProperties) = preSolution
		HideSolutionNode = FALSE
	EndGlobalSection
	GlobalSection(ExtensibilityGlobals) = postSolution
		SolutionGuid = {A90ECD99-E0AE-4C2C-9331-E1DFE8DADD36}
	EndGlobalSection
EndGlobal
