
Microsoft Visual Studio Solution File, Format Version 12.00
# Visual Studio Version 17
VisualStudioVersion = 17.0.32126.317
MinimumVisualStudioVersion = 10.0.40219.1
Project("{FAE04EC0-301F-11D3-BF4B-00C04F79EFBC}") = "Bank2.2", "Bank2.2\Bank2.2.csproj", "{9BFF2051-0DDA-4250-8E85-17E99B5452D1}"
EndProject
Global
	GlobalSection(SolutionConfigurationPlatforms) = preSolution
		Debug|Any CPU = Debug|Any CPU
		Release|Any CPU = Release|Any CPU
	EndGlobalSection
	GlobalSection(ProjectConfigurationPlatforms) = postSolution
		{9BFF2051-0DDA-4250-8E85-17E99B5452D1}.Debug|Any CPU.ActiveCfg = Debug|Any CPU
		{9BFF2051-0DDA-4250-8E85-17E99B5452D1}.Debug|Any CPU.Build.0 = Debug|Any CPU
		{9BFF2051-0DDA-4250-8E85-17E99B5452D1}.Release|Any CPU.ActiveCfg = Release|Any CPU
		{9BFF2051-0DDA-4250-8E85-17E99B5452D1}.Release|Any CPU.Build.0 = Release|Any CPU
	EndGlobalSection
	GlobalSection(SolutionProperties) = preSolution
		HideSolutionNode = FALSE
	EndGlobalSection
	GlobalSection(ExtensibilityGlobals) = postSolution
		SolutionGuid = {27FC06E8-B695-4BF9-B70D-02DC422C59D5}
	EndGlobalSection
EndGlobal
